
Microsoft Visual Studio Solution File, Format Version 12.00
# Visual Studio Version 17
VisualStudioVersion = 17.5.002.0
MinimumVisualStudioVersion = 10.0.40219.1
Project("{9A19103F-16F7-4668-BE54-9A1E7A4F7556}") = "BloodBowlGeneratorV2", "BloodBowlGeneratorV2.csproj", "{B0CBF63C-4FBD-45AE-B6CC-073167B8CD5D}"
EndProject
Global
	GlobalSection(SolutionConfigurationPlatforms) = preSolution
		Debug|Any CPU = Debug|Any CPU
		Release|Any CPU = Release|Any CPU
	EndGlobalSection
	GlobalSection(ProjectConfigurationPlatforms) = postSolution
		{B0CBF63C-4FBD-45AE-B6CC-073167B8CD5D}.Debug|Any CPU.ActiveCfg = Debug|Any CPU
		{B0CBF63C-4FBD-45AE-B6CC-073167B8CD5D}.Debug|Any CPU.Build.0 = Debug|Any CPU
		{B0CBF63C-4FBD-45AE-B6CC-073167B8CD5D}.Release|Any CPU.ActiveCfg = Release|Any CPU
		{B0CBF63C-4FBD-45AE-B6CC-073167B8CD5D}.Release|Any CPU.Build.0 = Release|Any CPU
	EndGlobalSection
	GlobalSection(SolutionProperties) = preSolution
		HideSolutionNode = FALSE
	EndGlobalSection
	GlobalSection(ExtensibilityGlobals) = postSolution
		SolutionGuid = {3CD103B8-1801-445F-8743-D12FF7F64398}
	EndGlobalSection
EndGlobal
